
Microsoft Visual Studio Solution File, Format Version 12.00
# Visual Studio Version 16
VisualStudioVersion = 16.0.30907.101
MinimumVisualStudioVersion = 10.0.40219.1
Project("{9A19103F-16F7-4668-BE54-9A1E7A4F7556}") = "ChainCrims", "RJSimulator\ChainCrims.csproj", "{577A8A08-512F-4FD6-87D1-AF21EF138366}"
EndProject
Global
	GlobalSection(SolutionConfigurationPlatforms) = preSolution
		Debug|Any CPU = Debug|Any CPU
		Release|Any CPU = Release|Any CPU
	EndGlobalSection
	GlobalSection(ProjectConfigurationPlatforms) = postSolution
		{577A8A08-512F-4FD6-87D1-AF21EF138366}.Debug|Any CPU.ActiveCfg = Debug|Any CPU
		{577A8A08-512F-4FD6-87D1-AF21EF138366}.Debug|Any CPU.Build.0 = Debug|Any CPU
		{577A8A08-512F-4FD6-87D1-AF21EF138366}.Release|Any CPU.ActiveCfg = Release|Any CPU
		{577A8A08-512F-4FD6-87D1-AF21EF138366}.Release|Any CPU.Build.0 = Release|Any CPU
	EndGlobalSection
	GlobalSection(SolutionProperties) = preSolution
		HideSolutionNode = FALSE
	EndGlobalSection
	GlobalSection(ExtensibilityGlobals) = postSolution
		SolutionGuid = {4DB833CC-A73A-4DF2-B225-C7231D8C5A0A}
	EndGlobalSection
EndGlobal
